Microsoft Visual Studio Solution File, Format Version 12.00
# Visual Studio Version 16
VisualStudioVersion = 16.0.29920.165
MinimumVisualStudioVersion = 15.0.26124.0

Project("{D954291E-2A0B-460D-934E-DC6B0785DB48}") = "MobileUno.Shared", "MobileUno.Shared\MobileUno.Shared.shproj", "{6279C845-92F8-4333-AB99-3D213163593C}"
EndProject

Project("{FAE04EC0-301F-11D3-BF4B-00C04F79EFBC}") = "MobileUno.Mobile", "MobileUno.Mobile\MobileUno.Mobile.csproj", "{410822CF-D0AE-43FE-AD5E-9BC3319D7738}"
EndProject

Project("{FAE04EC0-301F-11D3-BF4B-00C04F79EFBC}") = "MobileUno.Uwp", "MobileUno.UWP\MobileUno.Uwp.csproj", "{A61CF396-6E0E-400B-A708-16D35F093C76}"
EndProject

Project("{9A19103F-16F7-4668-BE54-9A1E7A4F7556}") = "MobileUno.Wasm", "MobileUno.Wasm\MobileUno.Wasm.csproj", "{40EA03F7-8A22-4143-B251-79BAC3EB13D2}"
EndProject

Project("{9A19103F-16F7-4668-BE54-9A1E7A4F7556}") = "MobileUno.Skia.Gtk", "MobileUno.Skia.Gtk\MobileUno.Skia.Gtk.csproj", "{A5B8155A-118F-4794-B551-C6F3CF7E5411}"
EndProject

Project("{9A19103F-16F7-4668-BE54-9A1E7A4F7556}") = "MobileUno.Skia.WPF", "MobileUno.Skia.WPF\MobileUno.Skia.WPF.csproj", "{AD5EA234-ABBF-4D6C-ACD2-8291C17DF22A}"
EndProject
Project("{9A19103F-16F7-4668-BE54-9A1E7A4F7556}") = "MobileUno.Skia.Wpf.Host", "MobileUno.Skia.WPF.Host\MobileUno.Skia.Wpf.Host.csproj", "{6CF284A4-22B1-4F05-97F4-F095C07A598E}"
EndProject

Project("{9A19103F-16F7-4668-BE54-9A1E7A4F7556}") = "MobileUno.Skia.Linux.FrameBuffer", "MobileUno.Skia.Linux.FrameBuffer\MobileUno.Skia.Linux.FrameBuffer.csproj", "{761D821E-9905-4444-9ADF-76C995FE5427}"
EndProject

Global
	GlobalSection(SharedMSBuildProjectFiles) = preSolution
		MobileUno.Shared\MobileUno.Shared.projitems*{410822CF-D0AE-43FE-AD5E-9BC3319D7738}*SharedItemsImports = 4
		MobileUno.Shared\MobileUno.Shared.projitems*{AD5EA234-ABBF-4D6C-ACD2-8291C17DF22A}*SharedItemsImports = 5
		MobileUno.Shared\MobileUno.Shared.projitems*{D9AAF149-A812-4C4A-B399-B8E848A9C396}*SharedItemsImports = 4
		MobileUno.Shared\MobileUno.Shared.projitems*{40ea03f7-8a22-4143-b251-79bac3eb13d2}*SharedItemsImports = 5
		MobileUno.Shared\MobileUno.Shared.projitems*{a5b8155a-118f-4794-b551-c6f3cf7e5411}*SharedItemsImports = 5
		MobileUno.Shared\MobileUno.Shared.projitems*{5049F805-BA23-4057-8ED6-B786EC3D7CFC}*SharedItemsImports = 4
		MobileUno.Shared\MobileUno.Shared.projitems*{6279c845-92f8-4333-ab99-3d213163593c}*SharedItemsImports = 13
		MobileUno.Shared\MobileUno.Shared.projitems*{A61CF396-6E0E-400B-A708-16D35F093C76}*SharedItemsImports = 4
	EndGlobalSection
	GlobalSection(SolutionConfigurationPlatforms) = preSolution
		Debug|Any CPU = Debug|Any CPU
		Debug|ARM = Debug|ARM
		Debug|ARM64 = Debug|ARM64
		Debug|iPhone = Debug|iPhone
		Debug|iPhoneSimulator = Debug|iPhoneSimulator
		Debug|x64 = Debug|x64
		Debug|x86 = Debug|x86
		Release|Any CPU = Release|Any CPU
		Release|ARM = Release|ARM
		Release|ARM64 = Release|ARM64
		Release|iPhone = Release|iPhone
		Release|iPhoneSimulator = Release|iPhoneSimulator
		Release|x64 = Release|x64
		Release|x86 = Release|x86
	EndGlobalSection
	GlobalSection(ProjectConfigurationPlatforms) = postSolution
		{410822CF-D0AE-43FE-AD5E-9BC3319D7738}.Debug|Any CPU.ActiveCfg = Debug|Any CPU
		{410822CF-D0AE-43FE-AD5E-9BC3319D7738}.Debug|Any CPU.Build.0 = Debug|Any CPU
		{410822CF-D0AE-43FE-AD5E-9BC3319D7738}.Debug|Any CPU.Deploy.0 = Debug|Any CPU
		{410822CF-D0AE-43FE-AD5E-9BC3319D7738}.Debug|ARM.ActiveCfg = Debug|Any CPU
		{410822CF-D0AE-43FE-AD5E-9BC3319D7738}.Debug|ARM.Build.0 = Debug|Any CPU
		{410822CF-D0AE-43FE-AD5E-9BC3319D7738}.Debug|ARM.Deploy.0 = Debug|Any CPU
		{410822CF-D0AE-43FE-AD5E-9BC3319D7738}.Debug|ARM64.ActiveCfg = Debug|Any CPU
		{410822CF-D0AE-43FE-AD5E-9BC3319D7738}.Debug|ARM64.Build.0 = Debug|Any CPU
		{410822CF-D0AE-43FE-AD5E-9BC3319D7738}.Debug|ARM64.Deploy.0 = Debug|Any CPU
		{410822CF-D0AE-43FE-AD5E-9BC3319D7738}.Debug|iPhone.ActiveCfg = Debug|Any CPU
		{410822CF-D0AE-43FE-AD5E-9BC3319D7738}.Debug|iPhone.Build.0 = Debug|Any CPU
		{410822CF-D0AE-43FE-AD5E-9BC3319D7738}.Debug|iPhone.Deploy.0 = Debug|Any CPU
		{410822CF-D0AE-43FE-AD5E-9BC3319D7738}.Debug|iPhoneSimulator.ActiveCfg = Debug|Any CPU
		{410822CF-D0AE-43FE-AD5E-9BC3319D7738}.Debug|iPhoneSimulator.Build.0 = Debug|Any CPU
		{410822CF-D0AE-43FE-AD5E-9BC3319D7738}.Debug|iPhoneSimulator.Deploy.0 = Debug|Any CPU
		{410822CF-D0AE-43FE-AD5E-9BC3319D7738}.Debug|x64.ActiveCfg = Debug|Any CPU
		{410822CF-D0AE-43FE-AD5E-9BC3319D7738}.Debug|x64.Build.0 = Debug|Any CPU
		{410822CF-D0AE-43FE-AD5E-9BC3319D7738}.Debug|x64.Deploy.0 = Debug|Any CPU
		{410822CF-D0AE-43FE-AD5E-9BC3319D7738}.Debug|x86.ActiveCfg = Debug|Any CPU
		{410822CF-D0AE-43FE-AD5E-9BC3319D7738}.Debug|x86.Build.0 = Debug|Any CPU
		{410822CF-D0AE-43FE-AD5E-9BC3319D7738}.Debug|x86.Deploy.0 = Debug|Any CPU

		{410822CF-D0AE-43FE-AD5E-9BC3319D7738}.Release|Any CPU.ActiveCfg = Release|Any CPU
		{410822CF-D0AE-43FE-AD5E-9BC3319D7738}.Release|Any CPU.Build.0 = Release|Any CPU
		{410822CF-D0AE-43FE-AD5E-9BC3319D7738}.Release|Any CPU.Deploy.0 = Release|Any CPU
		{410822CF-D0AE-43FE-AD5E-9BC3319D7738}.Release|ARM.ActiveCfg = Release|Any CPU
		{410822CF-D0AE-43FE-AD5E-9BC3319D7738}.Release|ARM.Build.0 = Release|Any CPU
		{410822CF-D0AE-43FE-AD5E-9BC3319D7738}.Release|ARM.Deploy.0 = Release|Any CPU
		{410822CF-D0AE-43FE-AD5E-9BC3319D7738}.Release|ARM64.ActiveCfg = Release|Any CPU
		{410822CF-D0AE-43FE-AD5E-9BC3319D7738}.Release|ARM64.Build.0 = Release|Any CPU
		{410822CF-D0AE-43FE-AD5E-9BC3319D7738}.Release|ARM64.Deploy.0 = Release|Any CPU
		{410822CF-D0AE-43FE-AD5E-9BC3319D7738}.Release|iPhone.ActiveCfg = Release|Any CPU
		{410822CF-D0AE-43FE-AD5E-9BC3319D7738}.Release|iPhone.Build.0 = Release|Any CPU
		{410822CF-D0AE-43FE-AD5E-9BC3319D7738}.Release|iPhone.Deploy.0 = Release|Any CPU
		{410822CF-D0AE-43FE-AD5E-9BC3319D7738}.Release|iPhoneSimulator.ActiveCfg = Release|Any CPU
		{410822CF-D0AE-43FE-AD5E-9BC3319D7738}.Release|iPhoneSimulator.Build.0 = Release|Any CPU
		{410822CF-D0AE-43FE-AD5E-9BC3319D7738}.Release|iPhoneSimulator.Deploy.0 = Release|Any CPU
		{410822CF-D0AE-43FE-AD5E-9BC3319D7738}.Release|x64.ActiveCfg = Release|Any CPU
		{410822CF-D0AE-43FE-AD5E-9BC3319D7738}.Release|x64.Build.0 = Release|Any CPU
		{410822CF-D0AE-43FE-AD5E-9BC3319D7738}.Release|x64.Deploy.0 = Release|Any CPU
		{410822CF-D0AE-43FE-AD5E-9BC3319D7738}.Release|x86.ActiveCfg = Release|Any CPU
		{410822CF-D0AE-43FE-AD5E-9BC3319D7738}.Release|x86.Build.0 = Release|Any CPU
		{410822CF-D0AE-43FE-AD5E-9BC3319D7738}.Release|x86.Deploy.0 = Release|Any CPU
		{5049F805-BA23-4057-8ED6-B786EC3D7CFC}.Debug|Any CPU.ActiveCfg = Debug|iPhone
		{5049F805-BA23-4057-8ED6-B786EC3D7CFC}.Debug|Any CPU.Build.0 = Debug|iPhone
		{5049F805-BA23-4057-8ED6-B786EC3D7CFC}.Debug|Any CPU.Deploy.0 = Debug|iPhone
		{5049F805-BA23-4057-8ED6-B786EC3D7CFC}.Debug|ARM.ActiveCfg = Debug|iPhone
		{5049F805-BA23-4057-8ED6-B786EC3D7CFC}.Debug|ARM64.ActiveCfg = Debug|iPhone
		{5049F805-BA23-4057-8ED6-B786EC3D7CFC}.Debug|iPhone.ActiveCfg = Debug|iPhone
		{5049F805-BA23-4057-8ED6-B786EC3D7CFC}.Debug|iPhone.Build.0 = Debug|iPhone
		{5049F805-BA23-4057-8ED6-B786EC3D7CFC}.Debug|iPhoneSimulator.ActiveCfg = Debug|iPhoneSimulator
		{5049F805-BA23-4057-8ED6-B786EC3D7CFC}.Debug|iPhoneSimulator.Build.0 = Debug|iPhoneSimulator
		{5049F805-BA23-4057-8ED6-B786EC3D7CFC}.Debug|x64.ActiveCfg = Debug|iPhone
		{5049F805-BA23-4057-8ED6-B786EC3D7CFC}.Debug|x64.Build.0 = Debug|iPhone
		{5049F805-BA23-4057-8ED6-B786EC3D7CFC}.Debug|x64.Deploy.0 = Debug|iPhone
		{5049F805-BA23-4057-8ED6-B786EC3D7CFC}.Debug|x86.ActiveCfg = Debug|iPhoneSimulator
		{5049F805-BA23-4057-8ED6-B786EC3D7CFC}.Debug|x86.Build.0 = Debug|iPhoneSimulator
		{5049F805-BA23-4057-8ED6-B786EC3D7CFC}.Debug|x86.Deploy.0 = Debug|iPhoneSimulator
		{5049F805-BA23-4057-8ED6-B786EC3D7CFC}.Release|Any CPU.ActiveCfg = Release|iPhone
		{5049F805-BA23-4057-8ED6-B786EC3D7CFC}.Release|ARM.ActiveCfg = Release|iPhone
		{5049F805-BA23-4057-8ED6-B786EC3D7CFC}.Release|ARM64.ActiveCfg = Release|iPhone
		{5049F805-BA23-4057-8ED6-B786EC3D7CFC}.Release|iPhone.ActiveCfg = Release|iPhone
		{5049F805-BA23-4057-8ED6-B786EC3D7CFC}.Release|iPhone.Build.0 = Release|iPhone
		{5049F805-BA23-4057-8ED6-B786EC3D7CFC}.Release|iPhoneSimulator.ActiveCfg = Release|iPhoneSimulator
		{5049F805-BA23-4057-8ED6-B786EC3D7CFC}.Release|iPhoneSimulator.Build.0 = Release|iPhoneSimulator
		{5049F805-BA23-4057-8ED6-B786EC3D7CFC}.Release|x64.ActiveCfg = Release|iPhoneSimulator
		{5049F805-BA23-4057-8ED6-B786EC3D7CFC}.Release|x64.Build.0 = Release|iPhoneSimulator
		{5049F805-BA23-4057-8ED6-B786EC3D7CFC}.Release|x64.Deploy.0 = Release|iPhoneSimulator
		{5049F805-BA23-4057-8ED6-B786EC3D7CFC}.Release|x86.ActiveCfg = Release|iPhoneSimulator
		{5049F805-BA23-4057-8ED6-B786EC3D7CFC}.Release|x86.Build.0 = Release|iPhoneSimulator

		{A61CF396-6E0E-400B-A708-16D35F093C76}.Debug|Any CPU.ActiveCfg = Debug|x86
		{A61CF396-6E0E-400B-A708-16D35F093C76}.Debug|Any CPU.Build.0 = Debug|x86
		{A61CF396-6E0E-400B-A708-16D35F093C76}.Debug|Any CPU.Deploy.0 = Debug|x86
		{A61CF396-6E0E-400B-A708-16D35F093C76}.Debug|ARM.ActiveCfg = Debug|ARM
		{A61CF396-6E0E-400B-A708-16D35F093C76}.Debug|ARM.Build.0 = Debug|ARM
		{A61CF396-6E0E-400B-A708-16D35F093C76}.Debug|ARM.Deploy.0 = Debug|ARM
		{A61CF396-6E0E-400B-A708-16D35F093C76}.Debug|ARM64.ActiveCfg = Debug|ARM64
		{A61CF396-6E0E-400B-A708-16D35F093C76}.Debug|ARM64.Build.0 = Debug|ARM64
		{A61CF396-6E0E-400B-A708-16D35F093C76}.Debug|ARM64.Deploy.0 = Debug|ARM64
		{A61CF396-6E0E-400B-A708-16D35F093C76}.Debug|iPhone.ActiveCfg = Debug|x86
		{A61CF396-6E0E-400B-A708-16D35F093C76}.Debug|iPhone.Build.0 = Debug|x86
		{A61CF396-6E0E-400B-A708-16D35F093C76}.Debug|iPhone.Deploy.0 = Debug|x86
		{A61CF396-6E0E-400B-A708-16D35F093C76}.Debug|iPhoneSimulator.ActiveCfg = Debug|x86
		{A61CF396-6E0E-400B-A708-16D35F093C76}.Debug|iPhoneSimulator.Build.0 = Debug|x86
		{A61CF396-6E0E-400B-A708-16D35F093C76}.Debug|iPhoneSimulator.Deploy.0 = Debug|x86
		{A61CF396-6E0E-400B-A708-16D35F093C76}.Debug|x64.ActiveCfg = Debug|x64
		{A61CF396-6E0E-400B-A708-16D35F093C76}.Debug|x64.Build.0 = Debug|x64
		{A61CF396-6E0E-400B-A708-16D35F093C76}.Debug|x64.Deploy.0 = Debug|x64
		{A61CF396-6E0E-400B-A708-16D35F093C76}.Debug|x86.ActiveCfg = Debug|x86
		{A61CF396-6E0E-400B-A708-16D35F093C76}.Debug|x86.Build.0 = Debug|x86
		{A61CF396-6E0E-400B-A708-16D35F093C76}.Debug|x86.Deploy.0 = Debug|x86
		{A61CF396-6E0E-400B-A708-16D35F093C76}.Release|Any CPU.ActiveCfg = Release|x86
		{A61CF396-6E0E-400B-A708-16D35F093C76}.Release|ARM.ActiveCfg = Release|ARM
		{A61CF396-6E0E-400B-A708-16D35F093C76}.Release|ARM.Build.0 = Release|ARM
		{A61CF396-6E0E-400B-A708-16D35F093C76}.Release|ARM.Deploy.0 = Release|ARM
		{A61CF396-6E0E-400B-A708-16D35F093C76}.Release|ARM64.ActiveCfg = Release|ARM64
		{A61CF396-6E0E-400B-A708-16D35F093C76}.Release|ARM64.Build.0 = Release|ARM64
		{A61CF396-6E0E-400B-A708-16D35F093C76}.Release|ARM64.Deploy.0 = Release|ARM64
		{A61CF396-6E0E-400B-A708-16D35F093C76}.Release|iPhone.ActiveCfg = Release|x86
		{A61CF396-6E0E-400B-A708-16D35F093C76}.Release|iPhone.Build.0 = Release|x86
		{A61CF396-6E0E-400B-A708-16D35F093C76}.Release|iPhoneSimulator.ActiveCfg = Release|x86
		{A61CF396-6E0E-400B-A708-16D35F093C76}.Release|iPhoneSimulator.Build.0 = Release|x86
		{A61CF396-6E0E-400B-A708-16D35F093C76}.Release|iPhoneSimulator.Deploy.0 = Release|x86
		{A61CF396-6E0E-400B-A708-16D35F093C76}.Release|x64.ActiveCfg = Release|x64
		{A61CF396-6E0E-400B-A708-16D35F093C76}.Release|x64.Build.0 = Release|x64
		{A61CF396-6E0E-400B-A708-16D35F093C76}.Release|x64.Deploy.0 = Release|x64
		{A61CF396-6E0E-400B-A708-16D35F093C76}.Release|x86.ActiveCfg = Release|x86
		{A61CF396-6E0E-400B-A708-16D35F093C76}.Release|x86.Build.0 = Release|x86
		{A61CF396-6E0E-400B-A708-16D35F093C76}.Release|x86.Deploy.0 = Release|x86

		{AD5EA234-ABBF-4D6C-ACD2-8291C17DF22A}.Debug|Any CPU.ActiveCfg = Debug|Any CPU
		{AD5EA234-ABBF-4D6C-ACD2-8291C17DF22A}.Debug|Any CPU.Build.0 = Debug|Any CPU
		{AD5EA234-ABBF-4D6C-ACD2-8291C17DF22A}.Debug|Any CPU.Deploy.0 = Debug|Any CPU
		{AD5EA234-ABBF-4D6C-ACD2-8291C17DF22A}.Debug|ARM.ActiveCfg = Debug|ARM
		{AD5EA234-ABBF-4D6C-ACD2-8291C17DF22A}.Debug|ARM.Build.0 = Debug|ARM
		{AD5EA234-ABBF-4D6C-ACD2-8291C17DF22A}.Debug|ARM.Deploy.0 = Debug|ARM
		{AD5EA234-ABBF-4D6C-ACD2-8291C17DF22A}.Debug|ARM64.ActiveCfg = Debug|ARM64
		{AD5EA234-ABBF-4D6C-ACD2-8291C17DF22A}.Debug|ARM64.Build.0 = Debug|ARM64
		{AD5EA234-ABBF-4D6C-ACD2-8291C17DF22A}.Debug|ARM64.Deploy.0 = Debug|ARM64
		{AD5EA234-ABBF-4D6C-ACD2-8291C17DF22A}.Debug|iPhone.ActiveCfg = Debug|x86
		{AD5EA234-ABBF-4D6C-ACD2-8291C17DF22A}.Debug|iPhone.Build.0 = Debug|x86
		{AD5EA234-ABBF-4D6C-ACD2-8291C17DF22A}.Debug|iPhone.Deploy.0 = Debug|x86
		{AD5EA234-ABBF-4D6C-ACD2-8291C17DF22A}.Debug|iPhoneSimulator.ActiveCfg = Debug|x86
		{AD5EA234-ABBF-4D6C-ACD2-8291C17DF22A}.Debug|iPhoneSimulator.Build.0 = Debug|x86
		{AD5EA234-ABBF-4D6C-ACD2-8291C17DF22A}.Debug|iPhoneSimulator.Deploy.0 = Debug|x86
		{AD5EA234-ABBF-4D6C-ACD2-8291C17DF22A}.Debug|x64.ActiveCfg = Debug|x64
		{AD5EA234-ABBF-4D6C-ACD2-8291C17DF22A}.Debug|x64.Build.0 = Debug|x64
		{AD5EA234-ABBF-4D6C-ACD2-8291C17DF22A}.Debug|x64.Deploy.0 = Debug|x64
		{AD5EA234-ABBF-4D6C-ACD2-8291C17DF22A}.Debug|x86.ActiveCfg = Debug|x86
		{AD5EA234-ABBF-4D6C-ACD2-8291C17DF22A}.Debug|x86.Build.0 = Debug|x86
		{AD5EA234-ABBF-4D6C-ACD2-8291C17DF22A}.Debug|x86.Deploy.0 = Debug|x86
		{AD5EA234-ABBF-4D6C-ACD2-8291C17DF22A}.Release|Any CPU.ActiveCfg = Release|x86
		{AD5EA234-ABBF-4D6C-ACD2-8291C17DF22A}.Release|ARM.ActiveCfg = Release|ARM
		{AD5EA234-ABBF-4D6C-ACD2-8291C17DF22A}.Release|ARM.Build.0 = Release|ARM
		{AD5EA234-ABBF-4D6C-ACD2-8291C17DF22A}.Release|ARM.Deploy.0 = Release|ARM
		{AD5EA234-ABBF-4D6C-ACD2-8291C17DF22A}.Release|ARM64.ActiveCfg = Release|ARM64
		{AD5EA234-ABBF-4D6C-ACD2-8291C17DF22A}.Release|ARM64.Build.0 = Release|ARM64
		{AD5EA234-ABBF-4D6C-ACD2-8291C17DF22A}.Release|ARM64.Deploy.0 = Release|ARM64
		{AD5EA234-ABBF-4D6C-ACD2-8291C17DF22A}.Release|iPhone.ActiveCfg = Release|x86
		{AD5EA234-ABBF-4D6C-ACD2-8291C17DF22A}.Release|iPhone.Build.0 = Release|x86
		{AD5EA234-ABBF-4D6C-ACD2-8291C17DF22A}.Release|iPhoneSimulator.ActiveCfg = Release|x86
		{AD5EA234-ABBF-4D6C-ACD2-8291C17DF22A}.Release|iPhoneSimulator.Build.0 = Release|x86
		{AD5EA234-ABBF-4D6C-ACD2-8291C17DF22A}.Release|iPhoneSimulator.Deploy.0 = Release|x86
		{AD5EA234-ABBF-4D6C-ACD2-8291C17DF22A}.Release|x64.ActiveCfg = Release|x64
		{AD5EA234-ABBF-4D6C-ACD2-8291C17DF22A}.Release|x64.Build.0 = Release|x64
		{AD5EA234-ABBF-4D6C-ACD2-8291C17DF22A}.Release|x64.Deploy.0 = Release|x64
		{AD5EA234-ABBF-4D6C-ACD2-8291C17DF22A}.Release|x86.ActiveCfg = Release|x86
		{AD5EA234-ABBF-4D6C-ACD2-8291C17DF22A}.Release|x86.Build.0 = Release|x86
		{AD5EA234-ABBF-4D6C-ACD2-8291C17DF22A}.Release|x86.Deploy.0 = Release|x86

		{AD5EA234-ABBF-4D6C-ACD2-8291C17DF22A}.Debug|Any CPU.ActiveCfg = Debug|Any CPU
		{AD5EA234-ABBF-4D6C-ACD2-8291C17DF22A}.Debug|Any CPU.Build.0 = Debug|Any CPU
		{AD5EA234-ABBF-4D6C-ACD2-8291C17DF22A}.Debug|ARM.ActiveCfg = Debug|Any CPU
		{AD5EA234-ABBF-4D6C-ACD2-8291C17DF22A}.Debug|ARM.Build.0 = Debug|Any CPU
		{AD5EA234-ABBF-4D6C-ACD2-8291C17DF22A}.Debug|ARM64.ActiveCfg = Debug|Any CPU
		{AD5EA234-ABBF-4D6C-ACD2-8291C17DF22A}.Debug|ARM64.Build.0 = Debug|Any CPU
		{AD5EA234-ABBF-4D6C-ACD2-8291C17DF22A}.Debug|iPhone.ActiveCfg = Debug|Any CPU
		{AD5EA234-ABBF-4D6C-ACD2-8291C17DF22A}.Debug|iPhone.Build.0 = Debug|Any CPU
		{AD5EA234-ABBF-4D6C-ACD2-8291C17DF22A}.Debug|iPhoneSimulator.ActiveCfg = Debug|Any CPU
		{AD5EA234-ABBF-4D6C-ACD2-8291C17DF22A}.Debug|iPhoneSimulator.Build.0 = Debug|Any CPU
		{AD5EA234-ABBF-4D6C-ACD2-8291C17DF22A}.Debug|x64.ActiveCfg = Debug|Any CPU
		{AD5EA234-ABBF-4D6C-ACD2-8291C17DF22A}.Debug|x64.Build.0 = Debug|Any CPU
		{AD5EA234-ABBF-4D6C-ACD2-8291C17DF22A}.Debug|x86.ActiveCfg = Debug|Any CPU
		{AD5EA234-ABBF-4D6C-ACD2-8291C17DF22A}.Debug|x86.Build.0 = Debug|Any CPU
		{AD5EA234-ABBF-4D6C-ACD2-8291C17DF22A}.Release|Any CPU.ActiveCfg = Release|Any CPU
		{AD5EA234-ABBF-4D6C-ACD2-8291C17DF22A}.Release|Any CPU.Build.0 = Release|Any CPU
		{AD5EA234-ABBF-4D6C-ACD2-8291C17DF22A}.Release|ARM.ActiveCfg = Release|Any CPU
		{AD5EA234-ABBF-4D6C-ACD2-8291C17DF22A}.Release|ARM.Build.0 = Release|Any CPU
		{AD5EA234-ABBF-4D6C-ACD2-8291C17DF22A}.Release|ARM64.ActiveCfg = Release|Any CPU
		{AD5EA234-ABBF-4D6C-ACD2-8291C17DF22A}.Release|ARM64.Build.0 = Release|Any CPU
		{AD5EA234-ABBF-4D6C-ACD2-8291C17DF22A}.Release|iPhone.ActiveCfg = Release|Any CPU
		{AD5EA234-ABBF-4D6C-ACD2-8291C17DF22A}.Release|iPhone.Build.0 = Release|Any CPU
		{AD5EA234-ABBF-4D6C-ACD2-8291C17DF22A}.Release|iPhoneSimulator.ActiveCfg = Release|Any CPU
		{AD5EA234-ABBF-4D6C-ACD2-8291C17DF22A}.Release|iPhoneSimulator.Build.0 = Release|Any CPU
		{AD5EA234-ABBF-4D6C-ACD2-8291C17DF22A}.Release|x64.ActiveCfg = Release|Any CPU
		{AD5EA234-ABBF-4D6C-ACD2-8291C17DF22A}.Release|x64.Build.0 = Release|Any CPU
		{AD5EA234-ABBF-4D6C-ACD2-8291C17DF22A}.Release|x86.ActiveCfg = Release|Any CPU
		{AD5EA234-ABBF-4D6C-ACD2-8291C17DF22A}.Release|x86.Build.0 = Release|Any CPU

		{A5B8155A-118F-4794-B551-C6F3CF7E5411}.Debug|Any CPU.ActiveCfg = Debug|Any CPU
		{A5B8155A-118F-4794-B551-C6F3CF7E5411}.Debug|Any CPU.Build.0 = Debug|Any CPU
		{A5B8155A-118F-4794-B551-C6F3CF7E5411}.Debug|ARM.ActiveCfg = Debug|Any CPU
		{A5B8155A-118F-4794-B551-C6F3CF7E5411}.Debug|ARM.Build.0 = Debug|Any CPU
		{A5B8155A-118F-4794-B551-C6F3CF7E5411}.Debug|ARM64.ActiveCfg = Debug|Any CPU
		{A5B8155A-118F-4794-B551-C6F3CF7E5411}.Debug|ARM64.Build.0 = Debug|Any CPU
		{A5B8155A-118F-4794-B551-C6F3CF7E5411}.Debug|iPhone.ActiveCfg = Debug|Any CPU
		{A5B8155A-118F-4794-B551-C6F3CF7E5411}.Debug|iPhone.Build.0 = Debug|Any CPU
		{A5B8155A-118F-4794-B551-C6F3CF7E5411}.Debug|iPhoneSimulator.ActiveCfg = Debug|Any CPU
		{A5B8155A-118F-4794-B551-C6F3CF7E5411}.Debug|iPhoneSimulator.Build.0 = Debug|Any CPU
		{A5B8155A-118F-4794-B551-C6F3CF7E5411}.Debug|x64.ActiveCfg = Debug|Any CPU
		{A5B8155A-118F-4794-B551-C6F3CF7E5411}.Debug|x64.Build.0 = Debug|Any CPU
		{A5B8155A-118F-4794-B551-C6F3CF7E5411}.Debug|x86.ActiveCfg = Debug|Any CPU
		{A5B8155A-118F-4794-B551-C6F3CF7E5411}.Debug|x86.Build.0 = Debug|Any CPU
		{A5B8155A-118F-4794-B551-C6F3CF7E5411}.Release|Any CPU.ActiveCfg = Release|Any CPU
		{A5B8155A-118F-4794-B551-C6F3CF7E5411}.Release|Any CPU.Build.0 = Release|Any CPU
		{A5B8155A-118F-4794-B551-C6F3CF7E5411}.Release|ARM.ActiveCfg = Release|Any CPU
		{A5B8155A-118F-4794-B551-C6F3CF7E5411}.Release|ARM.Build.0 = Release|Any CPU
		{A5B8155A-118F-4794-B551-C6F3CF7E5411}.Release|ARM64.ActiveCfg = Release|Any CPU
		{A5B8155A-118F-4794-B551-C6F3CF7E5411}.Release|ARM64.Build.0 = Release|Any CPU
		{A5B8155A-118F-4794-B551-C6F3CF7E5411}.Release|iPhone.ActiveCfg = Release|Any CPU
		{A5B8155A-118F-4794-B551-C6F3CF7E5411}.Release|iPhone.Build.0 = Release|Any CPU
		{A5B8155A-118F-4794-B551-C6F3CF7E5411}.Release|iPhoneSimulator.ActiveCfg = Release|Any CPU
		{A5B8155A-118F-4794-B551-C6F3CF7E5411}.Release|iPhoneSimulator.Build.0 = Release|Any CPU
		{A5B8155A-118F-4794-B551-C6F3CF7E5411}.Release|x64.ActiveCfg = Release|Any CPU
		{A5B8155A-118F-4794-B551-C6F3CF7E5411}.Release|x64.Build.0 = Release|Any CPU
		{A5B8155A-118F-4794-B551-C6F3CF7E5411}.Release|x86.ActiveCfg = Release|Any CPU
		{A5B8155A-118F-4794-B551-C6F3CF7E5411}.Release|x86.Build.0 = Release|Any CPU


		{761D821E-9905-4444-9ADF-76C995FE5427}.Debug|Any CPU.ActiveCfg = Debug|Any CPU
		{761D821E-9905-4444-9ADF-76C995FE5427}.Debug|Any CPU.Build.0 = Debug|Any CPU
		{761D821E-9905-4444-9ADF-76C995FE5427}.Debug|ARM.ActiveCfg = Debug|Any CPU
		{761D821E-9905-4444-9ADF-76C995FE5427}.Debug|ARM.Build.0 = Debug|Any CPU
		{761D821E-9905-4444-9ADF-76C995FE5427}.Debug|ARM64.ActiveCfg = Debug|Any CPU
		{761D821E-9905-4444-9ADF-76C995FE5427}.Debug|ARM64.Build.0 = Debug|Any CPU
		{761D821E-9905-4444-9ADF-76C995FE5427}.Debug|iPhone.ActiveCfg = Debug|Any CPU
		{761D821E-9905-4444-9ADF-76C995FE5427}.Debug|iPhone.Build.0 = Debug|Any CPU
		{761D821E-9905-4444-9ADF-76C995FE5427}.Debug|iPhoneSimulator.ActiveCfg = Debug|Any CPU
		{761D821E-9905-4444-9ADF-76C995FE5427}.Debug|iPhoneSimulator.Build.0 = Debug|Any CPU
		{761D821E-9905-4444-9ADF-76C995FE5427}.Debug|x64.ActiveCfg = Debug|Any CPU
		{761D821E-9905-4444-9ADF-76C995FE5427}.Debug|x64.Build.0 = Debug|Any CPU
		{761D821E-9905-4444-9ADF-76C995FE5427}.Debug|x86.ActiveCfg = Debug|Any CPU
		{761D821E-9905-4444-9ADF-76C995FE5427}.Debug|x86.Build.0 = Debug|Any CPU
		{761D821E-9905-4444-9ADF-76C995FE5427}.Release|Any CPU.ActiveCfg = Release|Any CPU
		{761D821E-9905-4444-9ADF-76C995FE5427}.Release|Any CPU.Build.0 = Release|Any CPU
		{761D821E-9905-4444-9ADF-76C995FE5427}.Release|ARM.ActiveCfg = Release|Any CPU
		{761D821E-9905-4444-9ADF-76C995FE5427}.Release|ARM.Build.0 = Release|Any CPU
		{761D821E-9905-4444-9ADF-76C995FE5427}.Release|ARM64.ActiveCfg = Release|Any CPU
		{761D821E-9905-4444-9ADF-76C995FE5427}.Release|ARM64.Build.0 = Release|Any CPU
		{761D821E-9905-4444-9ADF-76C995FE5427}.Release|iPhone.ActiveCfg = Release|Any CPU
		{761D821E-9905-4444-9ADF-76C995FE5427}.Release|iPhone.Build.0 = Release|Any CPU
		{761D821E-9905-4444-9ADF-76C995FE5427}.Release|iPhoneSimulator.ActiveCfg = Release|Any CPU
		{761D821E-9905-4444-9ADF-76C995FE5427}.Release|iPhoneSimulator.Build.0 = Release|Any CPU
		{761D821E-9905-4444-9ADF-76C995FE5427}.Release|x64.ActiveCfg = Release|Any CPU
		{761D821E-9905-4444-9ADF-76C995FE5427}.Release|x64.Build.0 = Release|Any CPU
		{761D821E-9905-4444-9ADF-76C995FE5427}.Release|x86.ActiveCfg = Release|Any CPU
		{761D821E-9905-4444-9ADF-76C995FE5427}.Release|x86.Build.0 = Release|Any CPU

		{6CF284A4-22B1-4F05-97F4-F095C07A598E}.Debug|Any CPU.ActiveCfg = Debug|Any CPU
		{6CF284A4-22B1-4F05-97F4-F095C07A598E}.Debug|Any CPU.Build.0 = Debug|Any CPU
		{6CF284A4-22B1-4F05-97F4-F095C07A598E}.Debug|ARM.ActiveCfg = Debug|Any CPU
		{6CF284A4-22B1-4F05-97F4-F095C07A598E}.Debug|ARM.Build.0 = Debug|Any CPU
		{6CF284A4-22B1-4F05-97F4-F095C07A598E}.Debug|ARM64.ActiveCfg = Debug|Any CPU
		{6CF284A4-22B1-4F05-97F4-F095C07A598E}.Debug|ARM64.Build.0 = Debug|Any CPU
		{6CF284A4-22B1-4F05-97F4-F095C07A598E}.Debug|iPhone.ActiveCfg = Debug|Any CPU
		{6CF284A4-22B1-4F05-97F4-F095C07A598E}.Debug|iPhone.Build.0 = Debug|Any CPU
		{6CF284A4-22B1-4F05-97F4-F095C07A598E}.Debug|iPhoneSimulator.ActiveCfg = Debug|Any CPU
		{6CF284A4-22B1-4F05-97F4-F095C07A598E}.Debug|iPhoneSimulator.Build.0 = Debug|Any CPU
		{6CF284A4-22B1-4F05-97F4-F095C07A598E}.Debug|x64.ActiveCfg = Debug|Any CPU
		{6CF284A4-22B1-4F05-97F4-F095C07A598E}.Debug|x64.Build.0 = Debug|Any CPU
		{6CF284A4-22B1-4F05-97F4-F095C07A598E}.Debug|x86.ActiveCfg = Debug|Any CPU
		{6CF284A4-22B1-4F05-97F4-F095C07A598E}.Debug|x86.Build.0 = Debug|Any CPU
		{6CF284A4-22B1-4F05-97F4-F095C07A598E}.Release|Any CPU.ActiveCfg = Release|Any CPU
		{6CF284A4-22B1-4F05-97F4-F095C07A598E}.Release|Any CPU.Build.0 = Release|Any CPU
		{6CF284A4-22B1-4F05-97F4-F095C07A598E}.Release|ARM.ActiveCfg = Release|Any CPU
		{6CF284A4-22B1-4F05-97F4-F095C07A598E}.Release|ARM.Build.0 = Release|Any CPU
		{6CF284A4-22B1-4F05-97F4-F095C07A598E}.Release|ARM64.ActiveCfg = Release|Any CPU
		{6CF284A4-22B1-4F05-97F4-F095C07A598E}.Release|ARM64.Build.0 = Release|Any CPU
		{6CF284A4-22B1-4F05-97F4-F095C07A598E}.Release|iPhone.ActiveCfg = Release|Any CPU
		{6CF284A4-22B1-4F05-97F4-F095C07A598E}.Release|iPhone.Build.0 = Release|Any CPU
		{6CF284A4-22B1-4F05-97F4-F095C07A598E}.Release|iPhoneSimulator.ActiveCfg = Release|Any CPU
		{6CF284A4-22B1-4F05-97F4-F095C07A598E}.Release|iPhoneSimulator.Build.0 = Release|Any CPU
		{6CF284A4-22B1-4F05-97F4-F095C07A598E}.Release|x64.ActiveCfg = Release|Any CPU
		{6CF284A4-22B1-4F05-97F4-F095C07A598E}.Release|x64.Build.0 = Release|Any CPU
		{6CF284A4-22B1-4F05-97F4-F095C07A598E}.Release|x86.ActiveCfg = Release|Any CPU
		{6CF284A4-22B1-4F05-97F4-F095C07A598E}.Release|x86.Build.0 = Release|Any CPU

		{40EA03F7-8A22-4143-B251-79BAC3EB13D2}.Debug|Any CPU.ActiveCfg = Debug|Any CPU
		{40EA03F7-8A22-4143-B251-79BAC3EB13D2}.Debug|Any CPU.Build.0 = Debug|Any CPU
		{40EA03F7-8A22-4143-B251-79BAC3EB13D2}.Debug|ARM.ActiveCfg = Debug|Any CPU
		{40EA03F7-8A22-4143-B251-79BAC3EB13D2}.Debug|ARM.Build.0 = Debug|Any CPU
		{40EA03F7-8A22-4143-B251-79BAC3EB13D2}.Debug|ARM64.ActiveCfg = Debug|Any CPU
		{40EA03F7-8A22-4143-B251-79BAC3EB13D2}.Debug|ARM64.Build.0 = Debug|Any CPU
		{40EA03F7-8A22-4143-B251-79BAC3EB13D2}.Debug|iPhone.ActiveCfg = Debug|Any CPU
		{40EA03F7-8A22-4143-B251-79BAC3EB13D2}.Debug|iPhone.Build.0 = Debug|Any CPU
		{40EA03F7-8A22-4143-B251-79BAC3EB13D2}.Debug|iPhoneSimulator.ActiveCfg = Debug|Any CPU
		{40EA03F7-8A22-4143-B251-79BAC3EB13D2}.Debug|iPhoneSimulator.Build.0 = Debug|Any CPU
		{40EA03F7-8A22-4143-B251-79BAC3EB13D2}.Debug|x64.ActiveCfg = Debug|Any CPU
		{40EA03F7-8A22-4143-B251-79BAC3EB13D2}.Debug|x64.Build.0 = Debug|Any CPU
		{40EA03F7-8A22-4143-B251-79BAC3EB13D2}.Debug|x86.ActiveCfg = Debug|Any CPU
		{40EA03F7-8A22-4143-B251-79BAC3EB13D2}.Debug|x86.Build.0 = Debug|Any CPU
		{40EA03F7-8A22-4143-B251-79BAC3EB13D2}.Release|Any CPU.ActiveCfg = Release|Any CPU
		{40EA03F7-8A22-4143-B251-79BAC3EB13D2}.Release|Any CPU.Build.0 = Release|Any CPU
		{40EA03F7-8A22-4143-B251-79BAC3EB13D2}.Release|ARM.ActiveCfg = Release|Any CPU
		{40EA03F7-8A22-4143-B251-79BAC3EB13D2}.Release|ARM.Build.0 = Release|Any CPU
		{40EA03F7-8A22-4143-B251-79BAC3EB13D2}.Release|ARM64.ActiveCfg = Release|Any CPU
		{40EA03F7-8A22-4143-B251-79BAC3EB13D2}.Release|ARM64.Build.0 = Release|Any CPU
		{40EA03F7-8A22-4143-B251-79BAC3EB13D2}.Release|iPhone.ActiveCfg = Release|Any CPU
		{40EA03F7-8A22-4143-B251-79BAC3EB13D2}.Release|iPhone.Build.0 = Release|Any CPU
		{40EA03F7-8A22-4143-B251-79BAC3EB13D2}.Release|iPhoneSimulator.ActiveCfg = Release|Any CPU
		{40EA03F7-8A22-4143-B251-79BAC3EB13D2}.Release|iPhoneSimulator.Build.0 = Release|Any CPU
		{40EA03F7-8A22-4143-B251-79BAC3EB13D2}.Release|x64.ActiveCfg = Release|Any CPU
		{40EA03F7-8A22-4143-B251-79BAC3EB13D2}.Release|x64.Build.0 = Release|Any CPU
		{40EA03F7-8A22-4143-B251-79BAC3EB13D2}.Release|x86.ActiveCfg = Release|Any CPU
		{40EA03F7-8A22-4143-B251-79BAC3EB13D2}.Release|x86.Build.0 = Release|Any CPU
		{D9AAF149-A812-4C4A-B399-B8E848A9C396}.Debug|Any CPU.ActiveCfg = Debug|iPhoneSimulator
		{D9AAF149-A812-4C4A-B399-B8E848A9C396}.Debug|Any CPU.Build.0 = Debug|iPhoneSimulator
		{D9AAF149-A812-4C4A-B399-B8E848A9C396}.Debug|ARM.ActiveCfg = Debug|iPhoneSimulator
		{D9AAF149-A812-4C4A-B399-B8E848A9C396}.Debug|ARM64.ActiveCfg = Debug|iPhoneSimulator
		{D9AAF149-A812-4C4A-B399-B8E848A9C396}.Debug|iPhone.ActiveCfg = Debug|iPhoneSimulator
		{D9AAF149-A812-4C4A-B399-B8E848A9C396}.Debug|iPhone.Build.0 = Debug|iPhoneSimulator
		{D9AAF149-A812-4C4A-B399-B8E848A9C396}.Debug|iPhoneSimulator.ActiveCfg = Debug|iPhoneSimulator
		{D9AAF149-A812-4C4A-B399-B8E848A9C396}.Debug|iPhoneSimulator.Build.0 = Debug|iPhoneSimulator
		{D9AAF149-A812-4C4A-B399-B8E848A9C396}.Debug|x64.ActiveCfg = Debug|iPhoneSimulator
		{D9AAF149-A812-4C4A-B399-B8E848A9C396}.Debug|x64.Build.0 = Debug|iPhoneSimulator
		{D9AAF149-A812-4C4A-B399-B8E848A9C396}.Debug|x86.ActiveCfg = Debug|iPhoneSimulator
		{D9AAF149-A812-4C4A-B399-B8E848A9C396}.Debug|x86.Build.0 = Debug|iPhoneSimulator
		{D9AAF149-A812-4C4A-B399-B8E848A9C396}.Release|Any CPU.ActiveCfg = Release|iPhoneSimulator
		{D9AAF149-A812-4C4A-B399-B8E848A9C396}.Release|ARM.ActiveCfg = Release|iPhoneSimulator
		{D9AAF149-A812-4C4A-B399-B8E848A9C396}.Release|ARM64.ActiveCfg = Release|iPhoneSimulator
		{D9AAF149-A812-4C4A-B399-B8E848A9C396}.Release|iPhone.ActiveCfg = Release|iPhoneSimulator
		{D9AAF149-A812-4C4A-B399-B8E848A9C396}.Release|iPhone.Build.0 = Release|iPhoneSimulator
		{D9AAF149-A812-4C4A-B399-B8E848A9C396}.Release|iPhoneSimulator.ActiveCfg = Release|iPhoneSimulator
		{D9AAF149-A812-4C4A-B399-B8E848A9C396}.Release|iPhoneSimulator.Build.0 = Release|iPhoneSimulator
		{D9AAF149-A812-4C4A-B399-B8E848A9C396}.Release|x64.ActiveCfg = Release|iPhoneSimulator
		{D9AAF149-A812-4C4A-B399-B8E848A9C396}.Release|x64.Build.0 = Release|iPhoneSimulator
		{D9AAF149-A812-4C4A-B399-B8E848A9C396}.Release|x86.ActiveCfg = Release|iPhoneSimulator
		{D9AAF149-A812-4C4A-B399-B8E848A9C396}.Release|x86.Build.0 = Release|iPhoneSimulator
	EndGlobalSection
	GlobalSection(SolutionProperties) = preSolution
		HideSolutionNode = FALSE
	EndGlobalSection
	GlobalSection(ExtensibilityGlobals) = postSolution
		SolutionGuid = {C7433AE2-B1A0-4C1A-887E-5CAA7AAF67A6}
	EndGlobalSection
EndGlobal
